version = 1
revision = 3
requires-python = ">=3.13"

[[package]]
name = "pyaes"
version = "1.6.1"
source = { registry = "https://mirrors.volces.com/pypi/simple/" }
sdist = { url = "https://mirrors.volces.com/pypi/packages/44/66/2c17bae31c906613795711fc78045c285048168919ace2220daa372c7d72/pyaes-1.6.1.tar.gz", hash = "sha256:02c1b1405c38d3c370b085fb952dd8bea3fadcee6411ad99f312cc129c536d8f" }

[[package]]
name = "pyasn1"
version = "0.6.3"
source = { registry = "https://mirrors.volces.com/pypi/simple/" }
sdist = { url = "https://mirrors.volces.com/pypi/packages/5c/5f/6583902b6f79b399c9c40674ac384fd9cd77805f9e6205075f828ef11fb2/pyasn1-0.6.3.tar.gz", hash = "sha256:697a8ecd6d98891189184ca1fa05d1bb00e2f84b5977c481452050549c8a72cf" }
wheels = [
    { url = "https://mirrors.volces.com/pypi/packages/5d/a0/7d793dce3fa811fe047d6ae2431c672364b462850c6235ae306c0efd025f/pyasn1-0.6.3-py3-none-any.whl", hash = "sha256:a80184d120f0864a52a073acc6fc642847d0be408e7c7252f31390c0f4eadcde" },
]

[[package]]
name = "pytelethon-self-pmcaptchabot"
version = "1.2.0"
source = { virtual = "." }
dependencies = [
    { name = "redis" },
    { name = "telethon" },
]

[package.metadata]
requires-dist = [
    { name = "redis", specifier = ">=7.4.0" },
    { name = "telethon", specifier = ">=1.42.0" },
]

[[package]]
name = "redis"
version = "7.4.0"
source = { registry = "https://mirrors.volces.com/pypi/simple/" }
sdist = { url = "https://mirrors.volces.com/pypi/packages/7b/7f/3759b1d0d72b7c92f0d70ffd9dc962b7b7b5ee74e135f9d7d8ab06b8a318/redis-7.4.0.tar.gz", hash = "sha256:64a6ea7bf567ad43c964d2c30d82853f8df927c5c9017766c55a1d1ed95d18ad" }
wheels = [
    { url = "https://mirrors.volces.com/pypi/packages/74/3a/95deec7db1eb53979973ebd156f3369a72732208d1391cd2e5d127062a32/redis-7.4.0-py3-none-any.whl", hash = "sha256:a9c74a5c893a5ef8455a5adb793a31bb70feb821c86eccb62eebef5a19c429ec" },
]

[[package]]
name = "rsa"
version = "4.9.1"
source = { registry = "https://mirrors.volces.com/pypi/simple/" }
dependencies = [
    { name = "pyasn1" },
]
sdist = { url = "https://mirrors.volces.com/pypi/packages/da/8a/22b7beea3ee0d44b1916c0c1cb0ee3af23b700b6da9f04991899d0c555d4/rsa-4.9.1.tar.gz", hash = "sha256:e7bdbfdb5497da4c07dfd35530e1a902659db6ff241e39d9953cad06ebd0ae75" }
wheels = [
    { url = "https://mirrors.volces.com/pypi/packages/64/8d/0133e4eb4beed9e425d9a98ed6e081a55d195481b7632472be1af08d2f6b/rsa-4.9.1-py3-none-any.whl", hash = "sha256:68635866661c6836b8d39430f97a996acbd61bfa49406748ea243539fe239762" },
]

[[package]]
name = "telethon"
version = "1.42.0"
source = { registry = "https://mirrors.volces.com/pypi/simple/" }
dependencies = [
    { name = "pyaes" },
    { name = "rsa" },
]
sdist = { url = "https://mirrors.volces.com/pypi/packages/8c/10/8c8c9476bfce767a856d8aaf9eae8ea1869df4e970da16f1c5b638fd1b0c/telethon-1.42.0.tar.gz", hash = "sha256:032e95511261d5ead719f75494c6c85ece2ce71816b54f3c65d6ccc371d6994d" }
wheels = [
    { url = "https://mirrors.volces.com/pypi/packages/e4/e4/8ce0ff55251381966a7c3f88bd5b34abda79b225a8e7fb51ddef3b849c94/telethon-1.42.0-py3-none-any.whl", hash = "sha256:cf361c94586bcacd6d0fc8959a2bce509d1bb37007fe6476a80c4fb4a2decc29" },
]
