{
  "name": "my-app",
  "version": "0.0.0",
  "lockfileVersion": 3,
  "requires": true,
  "packages": {
    "": {
      "name": "my-app",
      "version": "0.0.0",
      "dependencies": {
        "@glenstack/cf-workers-hcaptcha": "^1.0.0",
        "itty-router": "^2.6.6"
      }
    },
    "node_modules/@glenstack/cf-workers-hcaptcha": {
      "version": "1.0.0",
      "resolved": "https://registry.npmmirror.com/@glenstack/cf-workers-hcaptcha/-/cf-workers-hcaptcha-1.0.0.tgz",
      "integrity": "sha512-ecRS8XtGplEz0Jj/o2giEL0/MnBD1NejeKW62QjhbmPnxXl0lGS5xXOQhhQN7huIt3L86hY2HQl51A/LqnLJdQ=="
    },
    "node_modules/itty-router": {
      "version": "2.6.6",
      "resolved": "https://registry.npmmirror.com/itty-router/-/itty-router-2.6.6.tgz",
      "integrity": "sha512-hIPHtXGymCX7Lzb2I4G6JgZFE4QEEQwst9GORK7sMYUpJvLfy4yZJr95r04e8DzoAnj6HcxM2m4TbK+juu+18g=="
    }
  }
}
